
Microsoft Visual Studio Solution File, Format Version 12.00
# Visual Studio Version 16
VisualStudioVersion = 16.0.29911.84
MinimumVisualStudioVersion = 10.0.40219.1
Project("{F184B08F-C81C-45F6-A57F-5ABD9991F28F}") = "Whatever", "Whatever\Whatever.vbproj", "{446A01FD-4E0A-4A5E-97B2-74910DA8B115}"
EndProject
Global
	GlobalSection(SolutionConfigurationPlatforms) = preSolution
		Debug|Any CPU = Debug|Any CPU
		Release|Any CPU = Release|Any CPU
	EndGlobalSection
	GlobalSection(ProjectConfigurationPlatforms) = postSolution
		{446A01FD-4E0A-4A5E-97B2-74910DA8B115}.Debug|Any CPU.ActiveCfg = Debug|Any CPU
		{446A01FD-4E0A-4A5E-97B2-74910DA8B115}.Debug|Any CPU.Build.0 = Debug|Any CPU
		{446A01FD-4E0A-4A5E-97B2-74910DA8B115}.Release|Any CPU.ActiveCfg = Release|Any CPU
		{446A01FD-4E0A-4A5E-97B2-74910DA8B115}.Release|Any CPU.Build.0 = Release|Any CPU
	EndGlobalSection
	GlobalSection(SolutionProperties) = preSolution
		HideSolutionNode = FALSE
	EndGlobalSection
	GlobalSection(ExtensibilityGlobals) = postSolution
		SolutionGuid = {6A2F59EC-31D1-4E27-9BAA-29FC0B93B441}
	EndGlobalSection
EndGlobal
